{
  "nodes": {
    "nixpkgs": {
      "locked": {
        "lastModified": 1742500712,
        "narHash": "sha256-o4v6uO1YxFEeU0rTY/qYx+jBKfiihjmsaWfUJLxJAD0=",
        "owner": "nixos",
        "repo": "nixpkgs",
        "rev": "e83345870e4c1c38b5ade36fe4c89a154f8da403",
        "type": "github"
      },
      "original": {
        "owner": "nixos",
        "repo": "nixpkgs",
        "type": "github"
      }
    },
    "root": {
      "inputs": {
        "nixpkgs": "nixpkgs"
      }
    }
  },
  "root": "root",
  "version": 7
}
