{
  "nodes": {
    "nixpkgs": {
      "locked": {
        "lastModified": 1701013656,
        "narHash": "sha256-+CZBdl1vkZ+1RQ7Szi6KIUDRxAO2zFsHWnlHkUFM4sU=",
        "owner": "nixos",
        "repo": "nixpkgs",
        "rev": "78bed8e3f88edf115e33b3fc61b9a08fa6752236",
        "type": "github"
      },
      "original": {
        "owner": "nixos",
        "repo": "nixpkgs",
        "type": "github"
      }
    },
    "root": {
      "inputs": {
        "nixpkgs": "nixpkgs"
      }
    }
  },
  "root": "root",
  "version": 7
}
