{
  "nodes": {
    "nixpkgs": {
      "locked": {
        "lastModified": 1661517679,
        "narHash": "sha256-4dhiHPozu5nnaRblJN02EfHdmUxYKsip4HpfmgXGrCY=",
        "owner": "nixos",
        "repo": "nixpkgs",
        "rev": "5ff4b217099781dce623ec93e9507f03602e35db",
        "type": "github"
      },
      "original": {
        "owner": "nixos",
        "repo": "nixpkgs",
        "type": "github"
      }
    },
    "root": {
      "inputs": {
        "nixpkgs": "nixpkgs"
      }
    }
  },
  "root": "root",
  "version": 7
}
